// !$*UTF8*$!
{
	archiveVersion = 1;
	classes = {
	};
	objectVersion = 56;
	objects = {

/* Begin PBXBuildFile section */
		752BA79F29B9EBAC0091AD0C /* UIBlockingProgressHUD.swift in Sources */ = {isa = PBXBuildFile; fileRef = 752BA79E29B9EBAC0091AD0C /* UIBlockingProgressHUD.swift */; };
		752BA7A229BA64EE0091AD0C /* Kingfisher in Frameworks */ = {isa = PBXBuildFile; productRef = 752BA7A129BA64EE0091AD0C /* Kingfisher */; };
		752BA7A529BA69BE0091AD0C /* SwiftKeychainWrapper in Frameworks */ = {isa = PBXBuildFile; productRef = 752BA7A429BA69BE0091AD0C /* SwiftKeychainWrapper */; };
		752BA7A729BCB4220091AD0C /* TabBarController.swift in Sources */ = {isa = PBXBuildFile; fileRef = 752BA7A629BCB4220091AD0C /* TabBarController.swift */; };
		752BA7A929BCBFD50091AD0C /* ProfileService.swift in Sources */ = {isa = PBXBuildFile; fileRef = 752BA7A829BCBFD50091AD0C /* ProfileService.swift */; };
		752BA7AB29BCC0120091AD0C /* ProfileImageService.swift in Sources */ = {isa = PBXBuildFile; fileRef = 752BA7AA29BCC0120091AD0C /* ProfileImageService.swift */; };
		752BA7AD29BCC0590091AD0C /* NetworkExtension.swift in Sources */ = {isa = PBXBuildFile; fileRef = 752BA7AC29BCC0590091AD0C /* NetworkExtension.swift */; };
		752BA7AF29BCC0A20091AD0C /* AlertPresenter.swift in Sources */ = {isa = PBXBuildFile; fileRef = 752BA7AE29BCC0A20091AD0C /* AlertPresenter.swift */; };
		75934665295E04B4007CA48B /* GradientView.swift in Sources */ = {isa = PBXBuildFile; fileRef = 75934664295E04B4007CA48B /* GradientView.swift */; };
		75951A6429BDEA2F003E2F44 /* ImagesListService.swift in Sources */ = {isa = PBXBuildFile; fileRef = 75951A6329BDEA2F003E2F44 /* ImagesListService.swift */; };
		75A32525295083A00038493E /* AppDelegate.swift in Sources */ = {isa = PBXBuildFile; fileRef = 75A32524295083A00038493E /* AppDelegate.swift */; };
		75A32527295083A00038493E /* SceneDelegate.swift in Sources */ = {isa = PBXBuildFile; fileRef = 75A32526295083A00038493E /* SceneDelegate.swift */; };
		75A32529295083A00038493E /* ImagesListViewController.swift in Sources */ = {isa = PBXBuildFile; fileRef = 75A32528295083A00038493E /* ImagesListViewController.swift */; };
		75A3252C295083A00038493E /* Main.storyboard in Resources */ = {isa = PBXBuildFile; fileRef = 75A3252A295083A00038493E /* Main.storyboard */; };
		75A3252E295083A30038493E /* Assets.xcassets in Resources */ = {isa = PBXBuildFile; fileRef = 75A3252D295083A30038493E /* Assets.xcassets */; };
		75A32531295083A30038493E /* LaunchScreen.storyboard in Resources */ = {isa = PBXBuildFile; fileRef = 75A3252F295083A30038493E /* LaunchScreen.storyboard */; };
		75A3253C295083A40038493E /* ImageFeedTests.swift in Sources */ = {isa = PBXBuildFile; fileRef = 75A3253B295083A40038493E /* ImageFeedTests.swift */; };
		75A32546295083A40038493E /* ImageFeedUITests.swift in Sources */ = {isa = PBXBuildFile; fileRef = 75A32545295083A40038493E /* ImageFeedUITests.swift */; };
		75A32548295083A40038493E /* ImageFeedUITestsLaunchTests.swift in Sources */ = {isa = PBXBuildFile; fileRef = 75A32547295083A40038493E /* ImageFeedUITestsLaunchTests.swift */; };
		75AE513629632E2B00B252BC /* ProfileViewController.swift in Sources */ = {isa = PBXBuildFile; fileRef = 75AE513529632E2B00B252BC /* ProfileViewController.swift */; };
		75AE513829634B9C00B252BC /* SingleImageViewController.swift in Sources */ = {isa = PBXBuildFile; fileRef = 75AE513729634B9C00B252BC /* SingleImageViewController.swift */; };
		75BDCD6F295B0C88000A9EF5 /* UIColor+Extensions.swift in Sources */ = {isa = PBXBuildFile; fileRef = 75BDCD6E295B0C88000A9EF5 /* UIColor+Extensions.swift */; };
		75BDCD74295DC9A4000A9EF5 /* ImagesListCell.swift in Sources */ = {isa = PBXBuildFile; fileRef = 75BDCD73295DC9A4000A9EF5 /* ImagesListCell.swift */; };
		75D7A6E32986863A00F0AA5F /* Constants.swift in Sources */ = {isa = PBXBuildFile; fileRef = 75D7A6E22986863A00F0AA5F /* Constants.swift */; };
		75D7A6E62986BAF300F0AA5F /* AuthViewController.swift in Sources */ = {isa = PBXBuildFile; fileRef = 75D7A6E52986BAF300F0AA5F /* AuthViewController.swift */; };
		75D7A6E82986C2F500F0AA5F /* WebViewViewController.swift in Sources */ = {isa = PBXBuildFile; fileRef = 75D7A6E72986C2F500F0AA5F /* WebViewViewController.swift */; };
		75D7A6EA2987027A00F0AA5F /* OAuthTokenResponseBody.swift in Sources */ = {isa = PBXBuildFile; fileRef = 75D7A6E92987027A00F0AA5F /* OAuthTokenResponseBody.swift */; };
		75D7A6EC2987034500F0AA5F /* OAuth2Service.swift in Sources */ = {isa = PBXBuildFile; fileRef = 75D7A6EB2987034500F0AA5F /* OAuth2Service.swift */; };
		75D7A6EE298703BB00F0AA5F /* OAuth2TokenStorage.swift in Sources */ = {isa = PBXBuildFile; fileRef = 75D7A6ED298703BB00F0AA5F /* OAuth2TokenStorage.swift */; };
		75D7A6F1298707F100F0AA5F /* SplashViewController.swift in Sources */ = {isa = PBXBuildFile; fileRef = 75D7A6F0298707F100F0AA5F /* SplashViewController.swift */; };
		75F853BF299A880200181903 /* ProgressHUD in Frameworks */ = {isa = PBXBuildFile; productRef = 75F853BE299A880200181903 /* ProgressHUD */; };
/* End PBXBuildFile section */

/* Begin PBXContainerItemProxy section */
		75A32538295083A40038493E /* PBXContainerItemProxy */ = {
			isa = PBXContainerItemProxy;
			containerPortal = 75A32519295083A00038493E /* Project object */;
			proxyType = 1;
			remoteGlobalIDString = 75A32520295083A00038493E;
			remoteInfo = ImageFeed;
		};
		75A32542295083A40038493E /* PBXContainerItemProxy */ = {
			isa = PBXContainerItemProxy;
			containerPortal = 75A32519295083A00038493E /* Project object */;
			proxyType = 1;
			remoteGlobalIDString = 75A32520295083A00038493E;
			remoteInfo = ImageFeed;
		};
/* End PBXContainerItemProxy section */

/* Begin PBXFileReference section */
		752BA79E29B9EBAC0091AD0C /* UIBlockingProgressHUD.swift */ = {isa = PBXFileReference; lastKnownFileType = sourcecode.swift; path = UIBlockingProgressHUD.swift; sourceTree = "<group>"; };
		752BA7A629BCB4220091AD0C /* TabBarController.swift */ = {isa = PBXFileReference; lastKnownFileType = sourcecode.swift; path = TabBarController.swift; sourceTree = "<group>"; };
		752BA7A829BCBFD50091AD0C /* ProfileService.swift */ = {isa = PBXFileReference; lastKnownFileType = sourcecode.swift; path = ProfileService.swift; sourceTree = "<group>"; };
		752BA7AA29BCC0120091AD0C /* ProfileImageService.swift */ = {isa = PBXFileReference; lastKnownFileType = sourcecode.swift; path = ProfileImageService.swift; sourceTree = "<group>"; };
		752BA7AC29BCC0590091AD0C /* NetworkExtension.swift */ = {isa = PBXFileReference; lastKnownFileType = sourcecode.swift; path = NetworkExtension.swift; sourceTree = "<group>"; };
		752BA7AE29BCC0A20091AD0C /* AlertPresenter.swift */ = {isa = PBXFileReference; lastKnownFileType = sourcecode.swift; path = AlertPresenter.swift; sourceTree = "<group>"; };
		75934664295E04B4007CA48B /* GradientView.swift */ = {isa = PBXFileReference; lastKnownFileType = sourcecode.swift; path = GradientView.swift; sourceTree = "<group>"; };
		75951A6329BDEA2F003E2F44 /* ImagesListService.swift */ = {isa = PBXFileReference; lastKnownFileType = sourcecode.swift; path = ImagesListService.swift; sourceTree = "<group>"; };
		75A32521295083A00038493E /* ImageFeed.app */ = {isa = PBXFileReference; explicitFileType = wrapper.application; includeInIndex = 0; path = ImageFeed.app; sourceTree = BUILT_PRODUCTS_DIR; };
		75A32524295083A00038493E /* AppDelegate.swift */ = {isa = PBXFileReference; lastKnownFileType = sourcecode.swift; path = AppDelegate.swift; sourceTree = "<group>"; };
		75A32526295083A00038493E /* SceneDelegate.swift */ = {isa = PBXFileReference; lastKnownFileType = sourcecode.swift; path = SceneDelegate.swift; sourceTree = "<group>"; };
		75A32528295083A00038493E /* ImagesListViewController.swift */ = {isa = PBXFileReference; lastKnownFileType = sourcecode.swift; path = ImagesListViewController.swift; sourceTree = "<group>"; };
		75A3252B295083A00038493E /* Base */ = {isa = PBXFileReference; lastKnownFileType = file.storyboard; name = Base; path = Base.lproj/Main.storyboard; sourceTree = "<group>"; };
		75A3252D295083A30038493E /* Assets.xcassets */ = {isa = PBXFileReference; lastKnownFileType = folder.assetcatalog; path = Assets.xcassets; sourceTree = "<group>"; };
		75A32530295083A30038493E /* Base */ = {isa = PBXFileReference; lastKnownFileType = file.storyboard; name = Base; path = Base.lproj/LaunchScreen.storyboard; sourceTree = "<group>"; };
		75A32532295083A30038493E /* Info.plist */ = {isa = PBXFileReference; lastKnownFileType = text.plist.xml; path = Info.plist; sourceTree = "<group>"; };
		75A32537295083A40038493E /* ImageFeedTests.xctest */ = {isa = PBXFileReference; explicitFileType = wrapper.cfbundle; includeInIndex = 0; path = ImageFeedTests.xctest; sourceTree = BUILT_PRODUCTS_DIR; };
		75A3253B295083A40038493E /* ImageFeedTests.swift */ = {isa = PBXFileReference; lastKnownFileType = sourcecode.swift; path = ImageFeedTests.swift; sourceTree = "<group>"; };
		75A32541295083A40038493E /* ImageFeedUITests.xctest */ = {isa = PBXFileReference; explicitFileType = wrapper.cfbundle; includeInIndex = 0; path = ImageFeedUITests.xctest; sourceTree = BUILT_PRODUCTS_DIR; };
		75A32545295083A40038493E /* ImageFeedUITests.swift */ = {isa = PBXFileReference; lastKnownFileType = sourcecode.swift; path = ImageFeedUITests.swift; sourceTree = "<group>"; };
		75A32547295083A40038493E /* ImageFeedUITestsLaunchTests.swift */ = {isa = PBXFileReference; lastKnownFileType = sourcecode.swift; path = ImageFeedUITestsLaunchTests.swift; sourceTree = "<group>"; };
		75AE513529632E2B00B252BC /* ProfileViewController.swift */ = {isa = PBXFileReference; lastKnownFileType = sourcecode.swift; path = ProfileViewController.swift; sourceTree = "<group>"; };
		75AE513729634B9C00B252BC /* SingleImageViewController.swift */ = {isa = PBXFileReference; lastKnownFileType = sourcecode.swift; path = SingleImageViewController.swift; sourceTree = "<group>"; };
		75BDCD6E295B0C88000A9EF5 /* UIColor+Extensions.swift */ = {isa = PBXFileReference; lastKnownFileType = sourcecode.swift; path = "UIColor+Extensions.swift"; sourceTree = "<group>"; };
		75BDCD73295DC9A4000A9EF5 /* ImagesListCell.swift */ = {isa = PBXFileReference; lastKnownFileType = sourcecode.swift; path = ImagesListCell.swift; sourceTree = "<group>"; };
		75D7A6E22986863A00F0AA5F /* Constants.swift */ = {isa = PBXFileReference; lastKnownFileType = sourcecode.swift; path = Constants.swift; sourceTree = "<group>"; };
		75D7A6E52986BAF300F0AA5F /* AuthViewController.swift */ = {isa = PBXFileReference; lastKnownFileType = sourcecode.swift; path = AuthViewController.swift; sourceTree = "<group>"; };
		75D7A6E72986C2F500F0AA5F /* WebViewViewController.swift */ = {isa = PBXFileReference; lastKnownFileType = sourcecode.swift; path = WebViewViewController.swift; sourceTree = "<group>"; };
		75D7A6E92987027A00F0AA5F /* OAuthTokenResponseBody.swift */ = {isa = PBXFileReference; lastKnownFileType = sourcecode.swift; path = OAuthTokenResponseBody.swift; sourceTree = "<group>"; };
		75D7A6EB2987034500F0AA5F /* OAuth2Service.swift */ = {isa = PBXFileReference; lastKnownFileType = sourcecode.swift; path = OAuth2Service.swift; sourceTree = "<group>"; };
		75D7A6ED298703BB00F0AA5F /* OAuth2TokenStorage.swift */ = {isa = PBXFileReference; lastKnownFileType = sourcecode.swift; path = OAuth2TokenStorage.swift; sourceTree = "<group>"; };
		75D7A6F0298707F100F0AA5F /* SplashViewController.swift */ = {isa = PBXFileReference; lastKnownFileType = sourcecode.swift; path = SplashViewController.swift; sourceTree = "<group>"; };
/* End PBXFileReference section */

/* Begin PBXFrameworksBuildPhase section */
		75A3251E295083A00038493E /* Frameworks */ = {
			isa = PBXFrameworksBuildPhase;
			buildActionMask = 2147483647;
			files = (
				752BA7A229BA64EE0091AD0C /* Kingfisher in Frameworks */,
				75F853BF299A880200181903 /* ProgressHUD in Frameworks */,
				752BA7A529BA69BE0091AD0C /* SwiftKeychainWrapper in Frameworks */,
			);
			runOnlyForDeploymentPostprocessing = 0;
		};
		75A32534295083A40038493E /* Frameworks */ = {
			isa = PBXFrameworksBuildPhase;
			buildActionMask = 2147483647;
			files = (
			);
			runOnlyForDeploymentPostprocessing = 0;
		};
		75A3253E295083A40038493E /* Frameworks */ = {
			isa = PBXFrameworksBuildPhase;
			buildActionMask = 2147483647;
			files = (
			);
			runOnlyForDeploymentPostprocessing = 0;
		};
/* End PBXFrameworksBuildPhase section */

/* Begin PBXGroup section */
		752BA7B029BCF33D0091AD0C /* TabBarController */ = {
			isa = PBXGroup;
			children = (
				752BA7A629BCB4220091AD0C /* TabBarController.swift */,
			);
			path = TabBarController;
			sourceTree = "<group>";
		};
		752BA7B129BCF37B0091AD0C /* NetworkExtension */ = {
			isa = PBXGroup;
			children = (
				752BA7AC29BCC0590091AD0C /* NetworkExtension.swift */,
			);
			path = NetworkExtension;
			sourceTree = "<group>";
		};
		75951A6529BE600C003E2F44 /* SingleImage */ = {
			isa = PBXGroup;
			children = (
				75AE513729634B9C00B252BC /* SingleImageViewController.swift */,
			);
			path = SingleImage;
			sourceTree = "<group>";
		};
		75A32518295083A00038493E = {
			isa = PBXGroup;
			children = (
				75A32523295083A00038493E /* ImageFeed */,
				75A3253A295083A40038493E /* ImageFeedTests */,
				75A32544295083A40038493E /* ImageFeedUITests */,
				75A32522295083A00038493E /* Products */,
			);
			sourceTree = "<group>";
		};
		75A32522295083A00038493E /* Products */ = {
			isa = PBXGroup;
			children = (
				75A32521295083A00038493E /* ImageFeed.app */,
				75A32537295083A40038493E /* ImageFeedTests.xctest */,
				75A32541295083A40038493E /* ImageFeedUITests.xctest */,
			);
			name = Products;
			sourceTree = "<group>";
		};
		75A32523295083A00038493E /* ImageFeed */ = {
			isa = PBXGroup;
			children = (
				75951A6529BE600C003E2F44 /* SingleImage */,
				75D7A6F2298710A000F0AA5F /* ServiceAccessLayer */,
				75D7A6EF298707DA00F0AA5F /* SplashViewController */,
				75D7A6E42986BAA900F0AA5F /* Auth */,
				75AE513429632DFB00B252BC /* Profile */,
				75BDCD70295B0EE8000A9EF5 /* ImageList */,
				752BA7B029BCF33D0091AD0C /* TabBarController */,
				752BA7B129BCF37B0091AD0C /* NetworkExtension */,
				75BDCD6D295B0BF6000A9EF5 /* Helpers */,
				75A32524295083A00038493E /* AppDelegate.swift */,
				75A32526295083A00038493E /* SceneDelegate.swift */,
				75A3252A295083A00038493E /* Main.storyboard */,
				75A3252D295083A30038493E /* Assets.xcassets */,
				75A3252F295083A30038493E /* LaunchScreen.storyboard */,
				75A32532295083A30038493E /* Info.plist */,
				75D7A6E22986863A00F0AA5F /* Constants.swift */,
				752BA7AE29BCC0A20091AD0C /* AlertPresenter.swift */,
			);
			path = ImageFeed;
			sourceTree = "<group>";
		};
		75A3253A295083A40038493E /* ImageFeedTests */ = {
			isa = PBXGroup;
			children = (
				75A3253B295083A40038493E /* ImageFeedTests.swift */,
			);
			path = ImageFeedTests;
			sourceTree = "<group>";
		};
		75A32544295083A40038493E /* ImageFeedUITests */ = {
			isa = PBXGroup;
			children = (
				75A32545295083A40038493E /* ImageFeedUITests.swift */,
				75A32547295083A40038493E /* ImageFeedUITestsLaunchTests.swift */,
			);
			path = ImageFeedUITests;
			sourceTree = "<group>";
		};
		75AE513429632DFB00B252BC /* Profile */ = {
			isa = PBXGroup;
			children = (
				75AE513529632E2B00B252BC /* ProfileViewController.swift */,
				752BA7A829BCBFD50091AD0C /* ProfileService.swift */,
				752BA7AA29BCC0120091AD0C /* ProfileImageService.swift */,
			);
			path = Profile;
			sourceTree = "<group>";
		};
		75BDCD6D295B0BF6000A9EF5 /* Helpers */ = {
			isa = PBXGroup;
			children = (
				752BA79E29B9EBAC0091AD0C /* UIBlockingProgressHUD.swift */,
				75BDCD6E295B0C88000A9EF5 /* UIColor+Extensions.swift */,
				75934664295E04B4007CA48B /* GradientView.swift */,
			);
			path = Helpers;
			sourceTree = "<group>";
		};
		75BDCD70295B0EE8000A9EF5 /* ImageList */ = {
			isa = PBXGroup;
			children = (
				75A32528295083A00038493E /* ImagesListViewController.swift */,
				75BDCD73295DC9A4000A9EF5 /* ImagesListCell.swift */,
				75951A6329BDEA2F003E2F44 /* ImagesListService.swift */,
			);
			path = ImageList;
			sourceTree = "<group>";
		};
		75D7A6E42986BAA900F0AA5F /* Auth */ = {
			isa = PBXGroup;
			children = (
				75D7A6E52986BAF300F0AA5F /* AuthViewController.swift */,
				75D7A6E72986C2F500F0AA5F /* WebViewViewController.swift */,
			);
			path = Auth;
			sourceTree = "<group>";
		};
		75D7A6EF298707DA00F0AA5F /* SplashViewController */ = {
			isa = PBXGroup;
			children = (
				75D7A6F0298707F100F0AA5F /* SplashViewController.swift */,
			);
			path = SplashViewController;
			sourceTree = "<group>";
		};
		75D7A6F2298710A000F0AA5F /* ServiceAccessLayer */ = {
			isa = PBXGroup;
			children = (
				75D7A6F3298710B400F0AA5F /* OAuth2 */,
			);
			path = ServiceAccessLayer;
			sourceTree = "<group>";
		};
		75D7A6F3298710B400F0AA5F /* OAuth2 */ = {
			isa = PBXGroup;
			children = (
				75D7A6EB2987034500F0AA5F /* OAuth2Service.swift */,
				75D7A6ED298703BB00F0AA5F /* OAuth2TokenStorage.swift */,
				75D7A6E92987027A00F0AA5F /* OAuthTokenResponseBody.swift */,
			);
			path = OAuth2;
			sourceTree = "<group>";
		};
/* End PBXGroup section */

/* Begin PBXNativeTarget section */
		75A32520295083A00038493E /* ImageFeed */ = {
			isa = PBXNativeTarget;
			buildConfigurationList = 75A3254B295083A40038493E /* Build configuration list for PBXNativeTarget "ImageFeed" */;
			buildPhases = (
				75A3251D295083A00038493E /* Sources */,
				75A3251E295083A00038493E /* Frameworks */,
				75A3251F295083A00038493E /* Resources */,
			);
			buildRules = (
			);
			dependencies = (
			);
			name = ImageFeed;
			packageProductDependencies = (
				75F853BE299A880200181903 /* ProgressHUD */,
				752BA7A129BA64EE0091AD0C /* Kingfisher */,
				752BA7A429BA69BE0091AD0C /* SwiftKeychainWrapper */,
			);
			productName = ImageFeed;
			productReference = 75A32521295083A00038493E /* ImageFeed.app */;
			productType = "com.apple.product-type.application";
		};
		75A32536295083A40038493E /* ImageFeedTests */ = {
			isa = PBXNativeTarget;
			buildConfigurationList = 75A3254E295083A40038493E /* Build configuration list for PBXNativeTarget "ImageFeedTests" */;
			buildPhases = (
				75A32533295083A40038493E /* Sources */,
				75A32534295083A40038493E /* Frameworks */,
				75A32535295083A40038493E /* Resources */,
			);
			buildRules = (
			);
			dependencies = (
				75A32539295083A40038493E /* PBXTargetDependency */,
			);
			name = ImageFeedTests;
			productName = ImageFeedTests;
			productReference = 75A32537295083A40038493E /* ImageFeedTests.xctest */;
			productType = "com.apple.product-type.bundle.unit-test";
		};
		75A32540295083A40038493E /* ImageFeedUITests */ = {
			isa = PBXNativeTarget;
			buildConfigurationList = 75A32551295083A40038493E /* Build configuration list for PBXNativeTarget "ImageFeedUITests" */;
			buildPhases = (
				75A3253D295083A40038493E /* Sources */,
				75A3253E295083A40038493E /* Frameworks */,
				75A3253F295083A40038493E /* Resources */,
			);
			buildRules = (
			);
			dependencies = (
				75A32543295083A40038493E /* PBXTargetDependency */,
			);
			name = ImageFeedUITests;
			productName = ImageFeedUITests;
			productReference = 75A32541295083A40038493E /* ImageFeedUITests.xctest */;
			productType = "com.apple.product-type.bundle.ui-testing";
		};
/* End PBXNativeTarget section */

/* Begin PBXProject section */
		75A32519295083A00038493E /* Project object */ = {
			isa = PBXProject;
			attributes = {
				BuildIndependentTargetsInParallel = 1;
				LastSwiftUpdateCheck = 1420;
				LastUpgradeCheck = 1420;
				TargetAttributes = {
					75A32520295083A00038493E = {
						CreatedOnToolsVersion = 14.2;
					};
					75A32536295083A40038493E = {
						CreatedOnToolsVersion = 14.2;
						TestTargetID = 75A32520295083A00038493E;
					};
					75A32540295083A40038493E = {
						CreatedOnToolsVersion = 14.2;
						TestTargetID = 75A32520295083A00038493E;
					};
				};
			};
			buildConfigurationList = 75A3251C295083A00038493E /* Build configuration list for PBXProject "ImageFeed" */;
			compatibilityVersion = "Xcode 14.0";
			developmentRegion = en;
			hasScannedForEncodings = 0;
			knownRegions = (
				en,
				Base,
			);
			mainGroup = 75A32518295083A00038493E;
			packageReferences = (
				75F853BD299A880200181903 /* XCRemoteSwiftPackageReference "ProgressHUD" */,
				752BA7A029BA64EE0091AD0C /* XCRemoteSwiftPackageReference "Kingfisher" */,
				752BA7A329BA69BE0091AD0C /* XCRemoteSwiftPackageReference "SwiftKeychainWrapper" */,
			);
			productRefGroup = 75A32522295083A00038493E /* Products */;
			projectDirPath = "";
			projectRoot = "";
			targets = (
				75A32520295083A00038493E /* ImageFeed */,
				75A32536295083A40038493E /* ImageFeedTests */,
				75A32540295083A40038493E /* ImageFeedUITests */,
			);
		};
/* End PBXProject section */

/* Begin PBXResourcesBuildPhase section */
		75A3251F295083A00038493E /* Resources */ = {
			isa = PBXResourcesBuildPhase;
			buildActionMask = 2147483647;
			files = (
				75A32531295083A30038493E /* LaunchScreen.storyboard in Resources */,
				75A3252E295083A30038493E /* Assets.xcassets in Resources */,
				75A3252C295083A00038493E /* Main.storyboard in Resources */,
			);
			runOnlyForDeploymentPostprocessing = 0;
		};
		75A32535295083A40038493E /* Resources */ = {
			isa = PBXResourcesBuildPhase;
			buildActionMask = 2147483647;
			files = (
			);
			runOnlyForDeploymentPostprocessing = 0;
		};
		75A3253F295083A40038493E /* Resources */ = {
			isa = PBXResourcesBuildPhase;
			buildActionMask = 2147483647;
			files = (
			);
			runOnlyForDeploymentPostprocessing = 0;
		};
/* End PBXResourcesBuildPhase section */

/* Begin PBXSourcesBuildPhase section */
		75A3251D295083A00038493E /* Sources */ = {
			isa = PBXSourcesBuildPhase;
			buildActionMask = 2147483647;
			files = (
				75A32529295083A00038493E /* ImagesListViewController.swift in Sources */,
				75A32525295083A00038493E /* AppDelegate.swift in Sources */,
				75D7A6EC2987034500F0AA5F /* OAuth2Service.swift in Sources */,
				752BA79F29B9EBAC0091AD0C /* UIBlockingProgressHUD.swift in Sources */,
				75D7A6EA2987027A00F0AA5F /* OAuthTokenResponseBody.swift in Sources */,
				75D7A6E62986BAF300F0AA5F /* AuthViewController.swift in Sources */,
				752BA7A729BCB4220091AD0C /* TabBarController.swift in Sources */,
				75951A6429BDEA2F003E2F44 /* ImagesListService.swift in Sources */,
				75934665295E04B4007CA48B /* GradientView.swift in Sources */,
				752BA7AF29BCC0A20091AD0C /* AlertPresenter.swift in Sources */,
				75D7A6EE298703BB00F0AA5F /* OAuth2TokenStorage.swift in Sources */,
				75D7A6E82986C2F500F0AA5F /* WebViewViewController.swift in Sources */,
				75BDCD74295DC9A4000A9EF5 /* ImagesListCell.swift in Sources */,
				752BA7AB29BCC0120091AD0C /* ProfileImageService.swift in Sources */,
				752BA7A929BCBFD50091AD0C /* ProfileService.swift in Sources */,
				75D7A6F1298707F100F0AA5F /* SplashViewController.swift in Sources */,
				75AE513629632E2B00B252BC /* ProfileViewController.swift in Sources */,
				75A32527295083A00038493E /* SceneDelegate.swift in Sources */,
				752BA7AD29BCC0590091AD0C /* NetworkExtension.swift in Sources */,
				75AE513829634B9C00B252BC /* SingleImageViewController.swift in Sources */,
				75BDCD6F295B0C88000A9EF5 /* UIColor+Extensions.swift in Sources */,
				75D7A6E32986863A00F0AA5F /* Constants.swift in Sources */,
			);
			runOnlyForDeploymentPostprocessing = 0;
		};
		75A32533295083A40038493E /* Sources */ = {
			isa = PBXSourcesBuildPhase;
			buildActionMask = 2147483647;
			files = (
				75A3253C295083A40038493E /* ImageFeedTests.swift in Sources */,
			);
			runOnlyForDeploymentPostprocessing = 0;
		};
		75A3253D295083A40038493E /* Sources */ = {
			isa = PBXSourcesBuildPhase;
			buildActionMask = 2147483647;
			files = (
				75A32548295083A40038493E /* ImageFeedUITestsLaunchTests.swift in Sources */,
				75A32546295083A40038493E /* ImageFeedUITests.swift in Sources */,
			);
			runOnlyForDeploymentPostprocessing = 0;
		};
/* End PBXSourcesBuildPhase section */

/* Begin PBXTargetDependency section */
		75A32539295083A40038493E /* PBXTargetDependency */ = {
			isa = PBXTargetDependency;
			target = 75A32520295083A00038493E /* ImageFeed */;
			targetProxy = 75A32538295083A40038493E /* PBXContainerItemProxy */;
		};
		75A32543295083A40038493E /* PBXTargetDependency */ = {
			isa = PBXTargetDependency;
			target = 75A32520295083A00038493E /* ImageFeed */;
			targetProxy = 75A32542295083A40038493E /* PBXContainerItemProxy */;
		};
/* End PBXTargetDependency section */

/* Begin PBXVariantGroup section */
		75A3252A295083A00038493E /* Main.storyboard */ = {
			isa = PBXVariantGroup;
			children = (
				75A3252B295083A00038493E /* Base */,
			);
			name = Main.storyboard;
			sourceTree = "<group>";
		};
		75A3252F295083A30038493E /* LaunchScreen.storyboard */ = {
			isa = PBXVariantGroup;
			children = (
				75A32530295083A30038493E /* Base */,
			);
			name = LaunchScreen.storyboard;
			sourceTree = "<group>";
		};
/* End PBXVariantGroup section */

/* Begin XCBuildConfiguration section */
		75A32549295083A40038493E /* Debug */ = {
			isa = XCBuildConfiguration;
			buildSettings = {
				ALWAYS_SEARCH_USER_PATHS = NO;
				CLANG_ANALYZER_NONNULL = YES;
				CLANG_ANALYZER_NUMBER_OBJECT_CONVERSION = YES_AGGRESSIVE;
				CLANG_CXX_LANGUAGE_STANDARD = "gnu++20";
				CLANG_ENABLE_MODULES = YES;
				CLANG_ENABLE_OBJC_ARC = YES;
				CLANG_ENABLE_OBJC_WEAK = YES;
				CLANG_WARN_BLOCK_CAPTURE_AUTORELEASING = YES;
				CLANG_WARN_BOOL_CONVERSION = YES;
				CLANG_WARN_COMMA = YES;
				CLANG_WARN_CONSTANT_CONVERSION = YES;
				CLANG_WARN_DEPRECATED_OBJC_IMPLEMENTATIONS = YES;
				CLANG_WARN_DIRECT_OBJC_ISA_USAGE = YES_ERROR;
				CLANG_WARN_DOCUMENTATION_COMMENTS = YES;
				CLANG_WARN_EMPTY_BODY = YES;
				CLANG_WARN_ENUM_CONVERSION = YES;
				CLANG_WARN_INFINITE_RECURSION = YES;
				CLANG_WARN_INT_CONVERSION = YES;
				CLANG_WARN_NON_LITERAL_NULL_CONVERSION = YES;
				CLANG_WARN_OBJC_IMPLICIT_RETAIN_SELF = YES;
				CLANG_WARN_OBJC_LITERAL_CONVERSION = YES;
				CLANG_WARN_OBJC_ROOT_CLASS = YES_ERROR;
				CLANG_WARN_QUOTED_INCLUDE_IN_FRAMEWORK_HEADER = YES;
				CLANG_WARN_RANGE_LOOP_ANALYSIS = YES;
				CLANG_WARN_STRICT_PROTOTYPES = YES;
				CLANG_WARN_SUSPICIOUS_MOVE = YES;
				CLANG_WARN_UNGUARDED_AVAILABILITY = YES_AGGRESSIVE;
				CLANG_WARN_UNREACHABLE_CODE = YES;
				CLANG_WARN__DUPLICATE_METHOD_MATCH = YES;
				COPY_PHASE_STRIP = NO;
				DEBUG_INFORMATION_FORMAT = dwarf;
				ENABLE_STRICT_OBJC_MSGSEND = YES;
				ENABLE_TESTABILITY = YES;
				GCC_C_LANGUAGE_STANDARD = gnu11;
				GCC_DYNAMIC_NO_PIC = NO;
				GCC_NO_COMMON_BLOCKS = YES;
				GCC_OPTIMIZATION_LEVEL = 0;
				GCC_PREPROCESSOR_DEFINITIONS = (
					"DEBUG=1",
					"$(inherited)",
				);
				GCC_WARN_64_TO_32_BIT_CONVERSION = YES;
				GCC_WARN_ABOUT_RETURN_TYPE = YES_ERROR;
				GCC_WARN_UNDECLARED_SELECTOR = YES;
				GCC_WARN_UNINITIALIZED_AUTOS = YES_AGGRESSIVE;
				GCC_WARN_UNUSED_FUNCTION = YES;
				GCC_WARN_UNUSED_VARIABLE = YES;
				IPHONEOS_DEPLOYMENT_TARGET = 13.0;
				MTL_ENABLE_DEBUG_INFO = INCLUDE_SOURCE;
				MTL_FAST_MATH = YES;
				ONLY_ACTIVE_ARCH = YES;
				SDKROOT = iphoneos;
				SWIFT_ACTIVE_COMPILATION_CONDITIONS = DEBUG;
				SWIFT_OPTIMIZATION_LEVEL = "-Onone";
			};
			name = Debug;
		};
		75A3254A295083A40038493E /* Release */ = {
			isa = XCBuildConfiguration;
			buildSettings = {
				ALWAYS_SEARCH_USER_PATHS = NO;
				CLANG_ANALYZER_NONNULL = YES;
				CLANG_ANALYZER_NUMBER_OBJECT_CONVERSION = YES_AGGRESSIVE;
				CLANG_CXX_LANGUAGE_STANDARD = "gnu++20";
				CLANG_ENABLE_MODULES = YES;
				CLANG_ENABLE_OBJC_ARC = YES;
				CLANG_ENABLE_OBJC_WEAK = YES;
				CLANG_WARN_BLOCK_CAPTURE_AUTORELEASING = YES;
				CLANG_WARN_BOOL_CONVERSION = YES;
				CLANG_WARN_COMMA = YES;
				CLANG_WARN_CONSTANT_CONVERSION = YES;
				CLANG_WARN_DEPRECATED_OBJC_IMPLEMENTATIONS = YES;
				CLANG_WARN_DIRECT_OBJC_ISA_USAGE = YES_ERROR;
				CLANG_WARN_DOCUMENTATION_COMMENTS = YES;
				CLANG_WARN_EMPTY_BODY = YES;
				CLANG_WARN_ENUM_CONVERSION = YES;
				CLANG_WARN_INFINITE_RECURSION = YES;
				CLANG_WARN_INT_CONVERSION = YES;
				CLANG_WARN_NON_LITERAL_NULL_CONVERSION = YES;
				CLANG_WARN_OBJC_IMPLICIT_RETAIN_SELF = YES;
				CLANG_WARN_OBJC_LITERAL_CONVERSION = YES;
				CLANG_WARN_OBJC_ROOT_CLASS = YES_ERROR;
				CLANG_WARN_QUOTED_INCLUDE_IN_FRAMEWORK_HEADER = YES;
				CLANG_WARN_RANGE_LOOP_ANALYSIS = YES;
				CLANG_WARN_STRICT_PROTOTYPES = YES;
				CLANG_WARN_SUSPICIOUS_MOVE = YES;
				CLANG_WARN_UNGUARDED_AVAILABILITY = YES_AGGRESSIVE;
				CLANG_WARN_UNREACHABLE_CODE = YES;
				CLANG_WARN__DUPLICATE_METHOD_MATCH = YES;
				COPY_PHASE_STRIP = NO;
				DEBUG_INFORMATION_FORMAT = "dwarf-with-dsym";
				ENABLE_NS_ASSERTIONS = NO;
				ENABLE_STRICT_OBJC_MSGSEND = YES;
				GCC_C_LANGUAGE_STANDARD = gnu11;
				GCC_NO_COMMON_BLOCKS = YES;
				GCC_WARN_64_TO_32_BIT_CONVERSION = YES;
				GCC_WARN_ABOUT_RETURN_TYPE = YES_ERROR;
				GCC_WARN_UNDECLARED_SELECTOR = YES;
				GCC_WARN_UNINITIALIZED_AUTOS = YES_AGGRESSIVE;
				GCC_WARN_UNUSED_FUNCTION = YES;
				GCC_WARN_UNUSED_VARIABLE = YES;
				IPHONEOS_DEPLOYMENT_TARGET = 13.0;
				MTL_ENABLE_DEBUG_INFO = NO;
				MTL_FAST_MATH = YES;
				SDKROOT = iphoneos;
				SWIFT_COMPILATION_MODE = wholemodule;
				SWIFT_OPTIMIZATION_LEVEL = "-O";
				VALIDATE_PRODUCT = YES;
			};
			name = Release;
		};
		75A3254C295083A40038493E /* Debug */ = {
			isa = XCBuildConfiguration;
			buildSettings = {
				ASSETCATALOG_COMPILER_APPICON_NAME = AppIcon;
				ASSETCATALOG_COMPILER_GLOBAL_ACCENT_COLOR_NAME = AccentColor;
				CODE_SIGN_STYLE = Automatic;
				CURRENT_PROJECT_VERSION = 1;
				DEVELOPMENT_TEAM = 3ZR632FLTZ;
				GENERATE_INFOPLIST_FILE = YES;
				INFOPLIST_FILE = ImageFeed/Info.plist;
				INFOPLIST_KEY_UIApplicationSupportsIndirectInputEvents = YES;
				INFOPLIST_KEY_UILaunchStoryboardName = LaunchScreen.storyboard;
				INFOPLIST_KEY_UIMainStoryboardFile = Main;
				INFOPLIST_KEY_UISupportedInterfaceOrientations = UIInterfaceOrientationPortrait;
				IPHONEOS_DEPLOYMENT_TARGET = 13.0;
				LD_RUNPATH_SEARCH_PATHS = (
					"$(inherited)",
					"@executable_path/Frameworks",
				);
				MARKETING_VERSION = 1.0;
				PRODUCT_BUNDLE_IDENTIFIER = ru.ferradesign.ImageFeed;
				PRODUCT_NAME = "$(TARGET_NAME)";
				SUPPORTED_PLATFORMS = "iphoneos iphonesimulator";
				SUPPORTS_MACCATALYST = NO;
				SUPPORTS_MAC_DESIGNED_FOR_IPHONE_IPAD = NO;
				SWIFT_EMIT_LOC_STRINGS = YES;
				SWIFT_VERSION = 5.0;
				TARGETED_DEVICE_FAMILY = 1;
			};
			name = Debug;
		};
		75A3254D295083A40038493E /* Release */ = {
			isa = XCBuildConfiguration;
			buildSettings = {
				ASSETCATALOG_COMPILER_APPICON_NAME = AppIcon;
				ASSETCATALOG_COMPILER_GLOBAL_ACCENT_COLOR_NAME = AccentColor;
				CODE_SIGN_STYLE = Automatic;
				CURRENT_PROJECT_VERSION = 1;
				DEVELOPMENT_TEAM = 3ZR632FLTZ;
				GENERATE_INFOPLIST_FILE = YES;
				INFOPLIST_FILE = ImageFeed/Info.plist;
				INFOPLIST_KEY_UIApplicationSupportsIndirectInputEvents = YES;
				INFOPLIST_KEY_UILaunchStoryboardName = LaunchScreen.storyboard;
				INFOPLIST_KEY_UIMainStoryboardFile = Main;
				INFOPLIST_KEY_UISupportedInterfaceOrientations = UIInterfaceOrientationPortrait;
				IPHONEOS_DEPLOYMENT_TARGET = 13.0;
				LD_RUNPATH_SEARCH_PATHS = (
					"$(inherited)",
					"@executable_path/Frameworks",
				);
				MARKETING_VERSION = 1.0;
				PRODUCT_BUNDLE_IDENTIFIER = ru.ferradesign.ImageFeed;
				PRODUCT_NAME = "$(TARGET_NAME)";
				SUPPORTED_PLATFORMS = "iphoneos iphonesimulator";
				SUPPORTS_MACCATALYST = NO;
				SUPPORTS_MAC_DESIGNED_FOR_IPHONE_IPAD = NO;
				SWIFT_EMIT_LOC_STRINGS = YES;
				SWIFT_VERSION = 5.0;
				TARGETED_DEVICE_FAMILY = 1;
			};
			name = Release;
		};
		75A3254F295083A40038493E /* Debug */ = {
			isa = XCBuildConfiguration;
			buildSettings = {
				ALWAYS_EMBED_SWIFT_STANDARD_LIBRARIES = YES;
				BUNDLE_LOADER = "$(TEST_HOST)";
				CODE_SIGN_STYLE = Automatic;
				CURRENT_PROJECT_VERSION = 1;
				DEVELOPMENT_TEAM = 3ZR632FLTZ;
				GENERATE_INFOPLIST_FILE = YES;
				IPHONEOS_DEPLOYMENT_TARGET = 16.2;
				MARKETING_VERSION = 1.0;
				PRODUCT_BUNDLE_IDENTIFIER = ru.yandex.practicum.ImageFeedTests;
				PRODUCT_NAME = "$(TARGET_NAME)";
				SWIFT_EMIT_LOC_STRINGS = NO;
				SWIFT_VERSION = 5.0;
				TARGETED_DEVICE_FAMILY = "1,2";
				TEST_HOST = "$(BUILT_PRODUCTS_DIR)/ImageFeed.app/$(BUNDLE_EXECUTABLE_FOLDER_PATH)/ImageFeed";
			};
			name = Debug;
		};
		75A32550295083A40038493E /* Release */ = {
			isa = XCBuildConfiguration;
			buildSettings = {
				ALWAYS_EMBED_SWIFT_STANDARD_LIBRARIES = YES;
				BUNDLE_LOADER = "$(TEST_HOST)";
				CODE_SIGN_STYLE = Automatic;
				CURRENT_PROJECT_VERSION = 1;
				DEVELOPMENT_TEAM = 3ZR632FLTZ;
				GENERATE_INFOPLIST_FILE = YES;
				IPHONEOS_DEPLOYMENT_TARGET = 16.2;
				MARKETING_VERSION = 1.0;
				PRODUCT_BUNDLE_IDENTIFIER = ru.yandex.practicum.ImageFeedTests;
				PRODUCT_NAME = "$(TARGET_NAME)";
				SWIFT_EMIT_LOC_STRINGS = NO;
				SWIFT_VERSION = 5.0;
				TARGETED_DEVICE_FAMILY = "1,2";
				TEST_HOST = "$(BUILT_PRODUCTS_DIR)/ImageFeed.app/$(BUNDLE_EXECUTABLE_FOLDER_PATH)/ImageFeed";
			};
			name = Release;
		};
		75A32552295083A40038493E /* Debug */ = {
			isa = XCBuildConfiguration;
			buildSettings = {
				ALWAYS_EMBED_SWIFT_STANDARD_LIBRARIES = YES;
				CODE_SIGN_STYLE = Automatic;
				CURRENT_PROJECT_VERSION = 1;
				DEVELOPMENT_TEAM = 3ZR632FLTZ;
				GENERATE_INFOPLIST_FILE = YES;
				MARKETING_VERSION = 1.0;
				PRODUCT_BUNDLE_IDENTIFIER = ru.yandex.practicum.ImageFeedUITests;
				PRODUCT_NAME = "$(TARGET_NAME)";
				SWIFT_EMIT_LOC_STRINGS = NO;
				SWIFT_VERSION = 5.0;
				TARGETED_DEVICE_FAMILY = "1,2";
				TEST_TARGET_NAME = ImageFeed;
			};
			name = Debug;
		};
		75A32553295083A40038493E /* Release */ = {
			isa = XCBuildConfiguration;
			buildSettings = {
				ALWAYS_EMBED_SWIFT_STANDARD_LIBRARIES = YES;
				CODE_SIGN_STYLE = Automatic;
				CURRENT_PROJECT_VERSION = 1;
				DEVELOPMENT_TEAM = 3ZR632FLTZ;
				GENERATE_INFOPLIST_FILE = YES;
				MARKETING_VERSION = 1.0;
				PRODUCT_BUNDLE_IDENTIFIER = ru.yandex.practicum.ImageFeedUITests;
				PRODUCT_NAME = "$(TARGET_NAME)";
				SWIFT_EMIT_LOC_STRINGS = NO;
				SWIFT_VERSION = 5.0;
				TARGETED_DEVICE_FAMILY = "1,2";
				TEST_TARGET_NAME = ImageFeed;
			};
			name = Release;
		};
/* End XCBuildConfiguration section */

/* Begin XCConfigurationList section */
		75A3251C295083A00038493E /* Build configuration list for PBXProject "ImageFeed" */ = {
			isa = XCConfigurationList;
			buildConfigurations = (
				75A32549295083A40038493E /* Debug */,
				75A3254A295083A40038493E /* Release */,
			);
			defaultConfigurationIsVisible = 0;
			defaultConfigurationName = Release;
		};
		75A3254B295083A40038493E /* Build configuration list for PBXNativeTarget "ImageFeed" */ = {
			isa = XCConfigurationList;
			buildConfigurations = (
				75A3254C295083A40038493E /* Debug */,
				75A3254D295083A40038493E /* Release */,
			);
			defaultConfigurationIsVisible = 0;
			defaultConfigurationName = Release;
		};
		75A3254E295083A40038493E /* Build configuration list for PBXNativeTarget "ImageFeedTests" */ = {
			isa = XCConfigurationList;
			buildConfigurations = (
				75A3254F295083A40038493E /* Debug */,
				75A32550295083A40038493E /* Release */,
			);
			defaultConfigurationIsVisible = 0;
			defaultConfigurationName = Release;
		};
		75A32551295083A40038493E /* Build configuration list for PBXNativeTarget "ImageFeedUITests" */ = {
			isa = XCConfigurationList;
			buildConfigurations = (
				75A32552295083A40038493E /* Debug */,
				75A32553295083A40038493E /* Release */,
			);
			defaultConfigurationIsVisible = 0;
			defaultConfigurationName = Release;
		};
/* End XCConfigurationList section */

/* Begin XCRemoteSwiftPackageReference section */
		752BA7A029BA64EE0091AD0C /* XCRemoteSwiftPackageReference "Kingfisher" */ = {
			isa = XCRemoteSwiftPackageReference;
			repositoryURL = "https://github.com/onevcat/Kingfisher?ysclid=lf1h4y8nlq653214503";
			requirement = {
				kind = exactVersion;
				version = 7.6.2;
			};
		};
		752BA7A329BA69BE0091AD0C /* XCRemoteSwiftPackageReference "SwiftKeychainWrapper" */ = {
			isa = XCRemoteSwiftPackageReference;
			repositoryURL = "https://github.com/jrendel/SwiftKeychainWrapper";
			requirement = {
				kind = exactVersion;
				version = 4.0.1;
			};
		};
		75F853BD299A880200181903 /* XCRemoteSwiftPackageReference "ProgressHUD" */ = {
			isa = XCRemoteSwiftPackageReference;
			repositoryURL = "https://github.com/relatedcode/ProgressHUD";
			requirement = {
				kind = exactVersion;
				version = 13.6.2;
			};
		};
/* End XCRemoteSwiftPackageReference section */

/* Begin XCSwiftPackageProductDependency section */
		752BA7A129BA64EE0091AD0C /* Kingfisher */ = {
			isa = XCSwiftPackageProductDependency;
			package = 752BA7A029BA64EE0091AD0C /* XCRemoteSwiftPackageReference "Kingfisher" */;
			productName = Kingfisher;
		};
		752BA7A429BA69BE0091AD0C /* SwiftKeychainWrapper */ = {
			isa = XCSwiftPackageProductDependency;
			package = 752BA7A329BA69BE0091AD0C /* XCRemoteSwiftPackageReference "SwiftKeychainWrapper" */;
			productName = SwiftKeychainWrapper;
		};
		75F853BE299A880200181903 /* ProgressHUD */ = {
			isa = XCSwiftPackageProductDependency;
			package = 75F853BD299A880200181903 /* XCRemoteSwiftPackageReference "ProgressHUD" */;
			productName = ProgressHUD;
		};
/* End XCSwiftPackageProductDependency section */
	};
	rootObject = 75A32519295083A00038493E /* Project object */;
}
